<?xml version="1.0" encoding="utf-8"?>
<Project ToolsVersion="17.0" xmlns="http://schemas.microsoft.com/developer/msbuild/2003">
  <ItemGroup>
    <ClCompile Include="D:\workspaces\foobar\Qoder_foobar\compat\sdk_implementations\service_base.cpp">
      <Filter>Source Files</Filter>
    </ClCompile>
    <ClCompile Include="D:\workspaces\foobar\Qoder_foobar\compat\sdk_implementations\abort_callback.impl.cpp">
      <Filter>Source Files</Filter>
    </ClCompile>
    <ClCompile Include="D:\workspaces\foobar\Qoder_foobar\compat\sdk_implementations\file_info_impl.cpp">
      <Filter>Source Files</Filter>
    </ClCompile>
    <ClCompile Include="D:\workspaces\foobar\Qoder_foobar\compat\sdk_implementations\audio_chunk_impl.cpp">
      <Filter>Source Files</Filter>
    </ClCompile>
    <ClCompile Include="D:\workspaces\foobar\Qoder_foobar\compat\sdk_implementations\metadb_handle_impl.cpp">
      <Filter>Source Files</Filter>
    </ClCompile>
  </ItemGroup>
  <ItemGroup>
    <ClInclude Include="D:\workspaces\foobar\Qoder_foobar\compat\sdk_implementations\service_base.h">
      <Filter>Header Files</Filter>
    </ClInclude>
    <ClInclude Include="D:\workspaces\foobar\Qoder_foobar\compat\sdk_implementations\abort_callback.implified.h">
      <Filter>Header Files</Filter>
    </ClInclude>
    <ClInclude Include="D:\workspaces\foobar\Qoder_foobar\compat\sdk_implementations\file_info_impl.h">
      <Filter>Header Files</Filter>
    </ClInclude>
    <ClInclude Include="D:\workspaces\foobar\Qoder_foobar\compat\sdk_implementations\audio_chunk_impl.h">
      <Filter>Header Files</Filter>
    </ClInclude>
    <ClInclude Include="D:\workspaces\foobar\Qoder_foobar\compat\sdk_implementations\metadb_handle_impl.h">
      <Filter>Header Files</Filter>
    </ClInclude>
  </ItemGroup>
  <ItemGroup>
    <CustomBuild Include="D:\workspaces\foobar\Qoder_foobar\compat\CMakeLists.txt" />
  </ItemGroup>
  <ItemGroup>
    <Filter Include="Header Files">
      <UniqueIdentifier>{A85AF651-373D-3A5C-887C-43BA5F97E592}</UniqueIdentifier>
    </Filter>
    <Filter Include="Source Files">
      <UniqueIdentifier>{106E8C4C-A3E2-3D15-BDA9-AE4DB86EDB10}</UniqueIdentifier>
    </Filter>
  </ItemGroup>
</Project>
