<?xml version="1.0" encoding="utf-8"?>
<Project ToolsVersion="17.0" xmlns="http://schemas.microsoft.com/developer/msbuild/2003">
  <ItemGroup>
    <CustomBuild Include="D:\workspaces\foobar\Qoder_foobar\build_test\CMakeFiles\7cd1b4c27aead5a726b3cb61abac2fe7\INSTALL_force.rule">
      <Filter>CMake Rules</Filter>
    </CustomBuild>
  </ItemGroup>
  <ItemGroup>
    <Filter Include="CMake Rules">
      <UniqueIdentifier>{3C59E942-F74D-387C-9A8F-C57BA0F364F9}</UniqueIdentifier>
    </Filter>
  </ItemGroup>
</Project>
