<?xml version="1.0" encoding="utf-8"?>
<Project ToolsVersion="17.0" xmlns="http://schemas.microsoft.com/developer/msbuild/2003">
  <ItemGroup>
    <ClCompile Include="D:\workspaces\foobar\Qoder_foobar\src\main.cpp">
      <Filter>Source Files</Filter>
    </ClCompile>
  </ItemGroup>
  <ItemGroup>
    <CustomBuild Include="D:\workspaces\foobar\Qoder_foobar\CMakeLists.txt" />
  </ItemGroup>
  <ItemGroup>
    <Filter Include="Source Files">
      <UniqueIdentifier>{F8A221E3-86B7-3A49-8F92-D6CB774EAA46}</UniqueIdentifier>
    </Filter>
  </ItemGroup>
</Project>
