
Microsoft Visual Studio Solution File, Format Version 12.00
# Visual Studio Version 17
Project("{8BC9CEB8-8B4A-11D0-8D11-00A0C91BC942}") = "ALL_BUILD", "ALL_BUILD.vcxproj", "{79D8C004-CEF5-3597-8EE3-0721775C305B}"
	ProjectSection(ProjectDependencies) = postProject
		{5FFEA2E2-ABE1-3D81-BA2C-CE92BE537D4B} = {5FFEA2E2-ABE1-3D81-BA2C-CE92BE537D4B}
		{EF923B40-3B1F-3E2F-8548-D1B99FB47A5B} = {EF923B40-3B1F-3E2F-8548-D1B99FB47A5B}
		{D2ED969C-AF4F-340E-B6E1-CB3FB8F02820} = {D2ED969C-AF4F-340E-B6E1-CB3FB8F02820}
		{6A258E70-3C8C-3924-AE87-106EFDF80C46} = {6A258E70-3C8C-3924-AE87-106EFDF80C46}
		{2C765E72-8C99-3A79-BA51-4FF774A4CED0} = {2C765E72-8C99-3A79-BA51-4FF774A4CED0}
		{314467E7-0A93-3802-BF0D-F30474A7AB9C} = {314467E7-0A93-3802-BF0D-F30474A7AB9C}
		{C0CF52E3-8DDB-390B-8C15-D68C509372B9} = {C0CF52E3-8DDB-390B-8C15-D68C509372B9}
		{CB080BBD-0F71-35B9-AB7F-002D823BE41D} = {CB080BBD-0F71-35B9-AB7F-002D823BE41D}
		{D8A1EFB6-5C45-31D5-8677-3456E7A822FB} = {D8A1EFB6-5C45-31D5-8677-3456E7A822FB}
		{D8EAA4EB-42DB-3D02-BFBF-4BB7AD0F6E85} = {D8EAA4EB-42DB-3D02-BFBF-4BB7AD0F6E85}
		{F4CDE891-78E5-35A2-B2EA-570938709D4D} = {F4CDE891-78E5-35A2-B2EA-570938709D4D}
		{7CA4AD93-3973-3916-94CC-6DD3FE49C8A0} = {7CA4AD93-3973-3916-94CC-6DD3FE49C8A0}
		{6B4B8785-3BA7-3752-A375-F4570B2426C2} = {6B4B8785-3BA7-3752-A375-F4570B2426C2}
	EndProjectSection
EndProject
Project("{8BC9CEB8-8B4A-11D0-8D11-00A0C91BC942}") = "INSTALL", "INSTALL.vcxproj", "{E8A543E2-08B5-3CA5-A647-13D077EBAD1E}"
	ProjectSection(ProjectDependencies) = postProject
		{79D8C004-CEF5-3597-8EE3-0721775C305B} = {79D8C004-CEF5-3597-8EE3-0721775C305B}
		{5FFEA2E2-ABE1-3D81-BA2C-CE92BE537D4B} = {5FFEA2E2-ABE1-3D81-BA2C-CE92BE537D4B}
	EndProjectSection
EndProject
Project("{8BC9CEB8-8B4A-11D0-8D11-00A0C91BC942}") = "RUN_TESTS", "RUN_TESTS.vcxproj", "{2D830E9C-B491-31C0-A224-456BC345985A}"
	ProjectSection(ProjectDependencies) = postProject
		{5FFEA2E2-ABE1-3D81-BA2C-CE92BE537D4B} = {5FFEA2E2-ABE1-3D81-BA2C-CE92BE537D4B}
	EndProjectSection
EndProject
Project("{8BC9CEB8-8B4A-11D0-8D11-00A0C91BC942}") = "ZERO_CHECK", "ZERO_CHECK.vcxproj", "{5FFEA2E2-ABE1-3D81-BA2C-CE92BE537D4B}"
	ProjectSection(ProjectDependencies) = postProject
	EndProjectSection
EndProject
Project("{8BC9CEB8-8B4A-11D0-8D11-00A0C91BC942}") = "compat_tests", "compat\tests\compat_tests.vcxproj", "{EF923B40-3B1F-3E2F-8548-D1B99FB47A5B}"
	ProjectSection(ProjectDependencies) = postProject
		{5FFEA2E2-ABE1-3D81-BA2C-CE92BE537D4B} = {5FFEA2E2-ABE1-3D81-BA2C-CE92BE537D4B}
		{6A258E70-3C8C-3924-AE87-106EFDF80C46} = {6A258E70-3C8C-3924-AE87-106EFDF80C46}
	EndProjectSection
EndProject
Project("{8BC9CEB8-8B4A-11D0-8D11-00A0C91BC942}") = "core_engine", "core\core_engine.vcxproj", "{D2ED969C-AF4F-340E-B6E1-CB3FB8F02820}"
	ProjectSection(ProjectDependencies) = postProject
		{5FFEA2E2-ABE1-3D81-BA2C-CE92BE537D4B} = {5FFEA2E2-ABE1-3D81-BA2C-CE92BE537D4B}
	EndProjectSection
EndProject
Project("{8BC9CEB8-8B4A-11D0-8D11-00A0C91BC942}") = "foobar_compat", "compat\foobar_compat.vcxproj", "{6A258E70-3C8C-3924-AE87-106EFDF80C46}"
	ProjectSection(ProjectDependencies) = postProject
		{5FFEA2E2-ABE1-3D81-BA2C-CE92BE537D4B} = {5FFEA2E2-ABE1-3D81-BA2C-CE92BE537D4B}
	EndProjectSection
EndProject
Project("{8BC9CEB8-8B4A-11D0-8D11-00A0C91BC942}") = "music-player", "music-player.vcxproj", "{2C765E72-8C99-3A79-BA51-4FF774A4CED0}"
	ProjectSection(ProjectDependencies) = postProject
		{5FFEA2E2-ABE1-3D81-BA2C-CE92BE537D4B} = {5FFEA2E2-ABE1-3D81-BA2C-CE92BE537D4B}
		{D2ED969C-AF4F-340E-B6E1-CB3FB8F02820} = {D2ED969C-AF4F-340E-B6E1-CB3FB8F02820}
		{6A258E70-3C8C-3924-AE87-106EFDF80C46} = {6A258E70-3C8C-3924-AE87-106EFDF80C46}
		{314467E7-0A93-3802-BF0D-F30474A7AB9C} = {314467E7-0A93-3802-BF0D-F30474A7AB9C}
	EndProjectSection
EndProject
Project("{8BC9CEB8-8B4A-11D0-8D11-00A0C91BC942}") = "platform_abstraction", "platform\platform_abstraction.vcxproj", "{314467E7-0A93-3802-BF0D-F30474A7AB9C}"
	ProjectSection(ProjectDependencies) = postProject
		{5FFEA2E2-ABE1-3D81-BA2C-CE92BE537D4B} = {5FFEA2E2-ABE1-3D81-BA2C-CE92BE537D4B}
	EndProjectSection
EndProject
Project("{8BC9CEB8-8B4A-11D0-8D11-00A0C91BC942}") = "plugin_equalizer_dsp", "plugins\dsp\plugin_equalizer_dsp.vcxproj", "{C0CF52E3-8DDB-390B-8C15-D68C509372B9}"
	ProjectSection(ProjectDependencies) = postProject
		{5FFEA2E2-ABE1-3D81-BA2C-CE92BE537D4B} = {5FFEA2E2-ABE1-3D81-BA2C-CE92BE537D4B}
	EndProjectSection
EndProject
Project("{8BC9CEB8-8B4A-11D0-8D11-00A0C91BC942}") = "plugin_flac_decoder", "plugins\decoders\plugin_flac_decoder.vcxproj", "{CB080BBD-0F71-35B9-AB7F-002D823BE41D}"
	ProjectSection(ProjectDependencies) = postProject
		{5FFEA2E2-ABE1-3D81-BA2C-CE92BE537D4B} = {5FFEA2E2-ABE1-3D81-BA2C-CE92BE537D4B}
	EndProjectSection
EndProject
Project("{8BC9CEB8-8B4A-11D0-8D11-00A0C91BC942}") = "plugin_mp3_decoder", "plugins\decoders\plugin_mp3_decoder.vcxproj", "{D8A1EFB6-5C45-31D5-8677-3456E7A822FB}"
	ProjectSection(ProjectDependencies) = postProject
		{5FFEA2E2-ABE1-3D81-BA2C-CE92BE537D4B} = {5FFEA2E2-ABE1-3D81-BA2C-CE92BE537D4B}
	EndProjectSection
EndProject
Project("{8BC9CEB8-8B4A-11D0-8D11-00A0C91BC942}") = "plugin_volume_dsp", "plugins\dsp\plugin_volume_dsp.vcxproj", "{D8EAA4EB-42DB-3D02-BFBF-4BB7AD0F6E85}"
	ProjectSection(ProjectDependencies) = postProject
		{5FFEA2E2-ABE1-3D81-BA2C-CE92BE537D4B} = {5FFEA2E2-ABE1-3D81-BA2C-CE92BE537D4B}
	EndProjectSection
EndProject
Project("{8BC9CEB8-8B4A-11D0-8D11-00A0C91BC942}") = "plugin_wav_decoder", "plugins\decoders\plugin_wav_decoder.vcxproj", "{F4CDE891-78E5-35A2-B2EA-570938709D4D}"
	ProjectSection(ProjectDependencies) = postProject
		{5FFEA2E2-ABE1-3D81-BA2C-CE92BE537D4B} = {5FFEA2E2-ABE1-3D81-BA2C-CE92BE537D4B}
	EndProjectSection
EndProject
Project("{8BC9CEB8-8B4A-11D0-8D11-00A0C91BC942}") = "test-flac-decoder", "test-flac-decoder.vcxproj", "{7CA4AD93-3973-3916-94CC-6DD3FE49C8A0}"
	ProjectSection(ProjectDependencies) = postProject
		{5FFEA2E2-ABE1-3D81-BA2C-CE92BE537D4B} = {5FFEA2E2-ABE1-3D81-BA2C-CE92BE537D4B}
	EndProjectSection
EndProject
Project("{8BC9CEB8-8B4A-11D0-8D11-00A0C91BC942}") = "test-wasapi", "test-wasapi.vcxproj", "{6B4B8785-3BA7-3752-A375-F4570B2426C2}"
	ProjectSection(ProjectDependencies) = postProject
		{5FFEA2E2-ABE1-3D81-BA2C-CE92BE537D4B} = {5FFEA2E2-ABE1-3D81-BA2C-CE92BE537D4B}
		{314467E7-0A93-3802-BF0D-F30474A7AB9C} = {314467E7-0A93-3802-BF0D-F30474A7AB9C}
	EndProjectSection
EndProject
Global
	GlobalSection(SolutionConfigurationPlatforms) = preSolution
		Debug|x64 = Debug|x64
		Release|x64 = Release|x64
		MinSizeRel|x64 = MinSizeRel|x64
		RelWithDebInfo|x64 = RelWithDebInfo|x64
	EndGlobalSection
	GlobalSection(ProjectConfigurationPlatforms) = postSolution
		{79D8C004-CEF5-3597-8EE3-0721775C305B}.Debug|x64.ActiveCfg = Debug|x64
		{79D8C004-CEF5-3597-8EE3-0721775C305B}.Debug|x64.Build.0 = Debug|x64
		{79D8C004-CEF5-3597-8EE3-0721775C305B}.Release|x64.ActiveCfg = Release|x64
		{79D8C004-CEF5-3597-8EE3-0721775C305B}.Release|x64.Build.0 = Release|x64
		{79D8C004-CEF5-3597-8EE3-0721775C305B}.MinSizeRel|x64.ActiveCfg = MinSizeRel|x64
		{79D8C004-CEF5-3597-8EE3-0721775C305B}.MinSizeRel|x64.Build.0 = MinSizeRel|x64
		{79D8C004-CEF5-3597-8EE3-0721775C305B}.RelWithDebInfo|x64.ActiveCfg = RelWithDebInfo|x64
		{79D8C004-CEF5-3597-8EE3-0721775C305B}.RelWithDebInfo|x64.Build.0 = RelWithDebInfo|x64
		{E8A543E2-08B5-3CA5-A647-13D077EBAD1E}.Debug|x64.ActiveCfg = Debug|x64
		{E8A543E2-08B5-3CA5-A647-13D077EBAD1E}.Release|x64.ActiveCfg = Release|x64
		{E8A543E2-08B5-3CA5-A647-13D077EBAD1E}.MinSizeRel|x64.ActiveCfg = MinSizeRel|x64
		{E8A543E2-08B5-3CA5-A647-13D077EBAD1E}.RelWithDebInfo|x64.ActiveCfg = RelWithDebInfo|x64
		{2D830E9C-B491-31C0-A224-456BC345985A}.Debug|x64.ActiveCfg = Debug|x64
		{2D830E9C-B491-31C0-A224-456BC345985A}.Release|x64.ActiveCfg = Release|x64
		{2D830E9C-B491-31C0-A224-456BC345985A}.MinSizeRel|x64.ActiveCfg = MinSizeRel|x64
		{2D830E9C-B491-31C0-A224-456BC345985A}.RelWithDebInfo|x64.ActiveCfg = RelWithDebInfo|x64
		{5FFEA2E2-ABE1-3D81-BA2C-CE92BE537D4B}.Debug|x64.ActiveCfg = Debug|x64
		{5FFEA2E2-ABE1-3D81-BA2C-CE92BE537D4B}.Debug|x64.Build.0 = Debug|x64
		{5FFEA2E2-ABE1-3D81-BA2C-CE92BE537D4B}.Release|x64.ActiveCfg = Release|x64
		{5FFEA2E2-ABE1-3D81-BA2C-CE92BE537D4B}.Release|x64.Build.0 = Release|x64
		{5FFEA2E2-ABE1-3D81-BA2C-CE92BE537D4B}.MinSizeRel|x64.ActiveCfg = MinSizeRel|x64
		{5FFEA2E2-ABE1-3D81-BA2C-CE92BE537D4B}.MinSizeRel|x64.Build.0 = MinSizeRel|x64
		{5FFEA2E2-ABE1-3D81-BA2C-CE92BE537D4B}.RelWithDebInfo|x64.ActiveCfg = RelWithDebInfo|x64
		{5FFEA2E2-ABE1-3D81-BA2C-CE92BE537D4B}.RelWithDebInfo|x64.Build.0 = RelWithDebInfo|x64
		{EF923B40-3B1F-3E2F-8548-D1B99FB47A5B}.Debug|x64.ActiveCfg = Debug|x64
		{EF923B40-3B1F-3E2F-8548-D1B99FB47A5B}.Debug|x64.Build.0 = Debug|x64
		{EF923B40-3B1F-3E2F-8548-D1B99FB47A5B}.Release|x64.ActiveCfg = Release|x64
		{EF923B40-3B1F-3E2F-8548-D1B99FB47A5B}.Release|x64.Build.0 = Release|x64
		{EF923B40-3B1F-3E2F-8548-D1B99FB47A5B}.MinSizeRel|x64.ActiveCfg = MinSizeRel|x64
		{EF923B40-3B1F-3E2F-8548-D1B99FB47A5B}.MinSizeRel|x64.Build.0 = MinSizeRel|x64
		{EF923B40-3B1F-3E2F-8548-D1B99FB47A5B}.RelWithDebInfo|x64.ActiveCfg = RelWithDebInfo|x64
		{EF923B40-3B1F-3E2F-8548-D1B99FB47A5B}.RelWithDebInfo|x64.Build.0 = RelWithDebInfo|x64
		{D2ED969C-AF4F-340E-B6E1-CB3FB8F02820}.Debug|x64.ActiveCfg = Debug|x64
		{D2ED969C-AF4F-340E-B6E1-CB3FB8F02820}.Debug|x64.Build.0 = Debug|x64
		{D2ED969C-AF4F-340E-B6E1-CB3FB8F02820}.Release|x64.ActiveCfg = Release|x64
		{D2ED969C-AF4F-340E-B6E1-CB3FB8F02820}.Release|x64.Build.0 = Release|x64
		{D2ED969C-AF4F-340E-B6E1-CB3FB8F02820}.MinSizeRel|x64.ActiveCfg = MinSizeRel|x64
		{D2ED969C-AF4F-340E-B6E1-CB3FB8F02820}.MinSizeRel|x64.Build.0 = MinSizeRel|x64
		{D2ED969C-AF4F-340E-B6E1-CB3FB8F02820}.RelWithDebInfo|x64.ActiveCfg = RelWithDebInfo|x64
		{D2ED969C-AF4F-340E-B6E1-CB3FB8F02820}.RelWithDebInfo|x64.Build.0 = RelWithDebInfo|x64
		{6A258E70-3C8C-3924-AE87-106EFDF80C46}.Debug|x64.ActiveCfg = Debug|x64
		{6A258E70-3C8C-3924-AE87-106EFDF80C46}.Debug|x64.Build.0 = Debug|x64
		{6A258E70-3C8C-3924-AE87-106EFDF80C46}.Release|x64.ActiveCfg = Release|x64
		{6A258E70-3C8C-3924-AE87-106EFDF80C46}.Release|x64.Build.0 = Release|x64
		{6A258E70-3C8C-3924-AE87-106EFDF80C46}.MinSizeRel|x64.ActiveCfg = MinSizeRel|x64
		{6A258E70-3C8C-3924-AE87-106EFDF80C46}.MinSizeRel|x64.Build.0 = MinSizeRel|x64
		{6A258E70-3C8C-3924-AE87-106EFDF80C46}.RelWithDebInfo|x64.ActiveCfg = RelWithDebInfo|x64
		{6A258E70-3C8C-3924-AE87-106EFDF80C46}.RelWithDebInfo|x64.Build.0 = RelWithDebInfo|x64
		{2C765E72-8C99-3A79-BA51-4FF774A4CED0}.Debug|x64.ActiveCfg = Debug|x64
		{2C765E72-8C99-3A79-BA51-4FF774A4CED0}.Debug|x64.Build.0 = Debug|x64
		{2C765E72-8C99-3A79-BA51-4FF774A4CED0}.Release|x64.ActiveCfg = Release|x64
		{2C765E72-8C99-3A79-BA51-4FF774A4CED0}.Release|x64.Build.0 = Release|x64
		{2C765E72-8C99-3A79-BA51-4FF774A4CED0}.MinSizeRel|x64.ActiveCfg = MinSizeRel|x64
		{2C765E72-8C99-3A79-BA51-4FF774A4CED0}.MinSizeRel|x64.Build.0 = MinSizeRel|x64
		{2C765E72-8C99-3A79-BA51-4FF774A4CED0}.RelWithDebInfo|x64.ActiveCfg = RelWithDebInfo|x64
		{2C765E72-8C99-3A79-BA51-4FF774A4CED0}.RelWithDebInfo|x64.Build.0 = RelWithDebInfo|x64
		{314467E7-0A93-3802-BF0D-F30474A7AB9C}.Debug|x64.ActiveCfg = Debug|x64
		{314467E7-0A93-3802-BF0D-F30474A7AB9C}.Debug|x64.Build.0 = Debug|x64
		{314467E7-0A93-3802-BF0D-F30474A7AB9C}.Release|x64.ActiveCfg = Release|x64
		{314467E7-0A93-3802-BF0D-F30474A7AB9C}.Release|x64.Build.0 = Release|x64
		{314467E7-0A93-3802-BF0D-F30474A7AB9C}.MinSizeRel|x64.ActiveCfg = MinSizeRel|x64
		{314467E7-0A93-3802-BF0D-F30474A7AB9C}.MinSizeRel|x64.Build.0 = MinSizeRel|x64
		{314467E7-0A93-3802-BF0D-F30474A7AB9C}.RelWithDebInfo|x64.ActiveCfg = RelWithDebInfo|x64
		{314467E7-0A93-3802-BF0D-F30474A7AB9C}.RelWithDebInfo|x64.Build.0 = RelWithDebInfo|x64
		{C0CF52E3-8DDB-390B-8C15-D68C509372B9}.Debug|x64.ActiveCfg = Debug|x64
		{C0CF52E3-8DDB-390B-8C15-D68C509372B9}.Debug|x64.Build.0 = Debug|x64
		{C0CF52E3-8DDB-390B-8C15-D68C509372B9}.Release|x64.ActiveCfg = Release|x64
		{C0CF52E3-8DDB-390B-8C15-D68C509372B9}.Release|x64.Build.0 = Release|x64
		{C0CF52E3-8DDB-390B-8C15-D68C509372B9}.MinSizeRel|x64.ActiveCfg = MinSizeRel|x64
		{C0CF52E3-8DDB-390B-8C15-D68C509372B9}.MinSizeRel|x64.Build.0 = MinSizeRel|x64
		{C0CF52E3-8DDB-390B-8C15-D68C509372B9}.RelWithDebInfo|x64.ActiveCfg = RelWithDebInfo|x64
		{C0CF52E3-8DDB-390B-8C15-D68C509372B9}.RelWithDebInfo|x64.Build.0 = RelWithDebInfo|x64
		{CB080BBD-0F71-35B9-AB7F-002D823BE41D}.Debug|x64.ActiveCfg = Debug|x64
		{CB080BBD-0F71-35B9-AB7F-002D823BE41D}.Debug|x64.Build.0 = Debug|x64
		{CB080BBD-0F71-35B9-AB7F-002D823BE41D}.Release|x64.ActiveCfg = Release|x64
		{CB080BBD-0F71-35B9-AB7F-002D823BE41D}.Release|x64.Build.0 = Release|x64
		{CB080BBD-0F71-35B9-AB7F-002D823BE41D}.MinSizeRel|x64.ActiveCfg = MinSizeRel|x64
		{CB080BBD-0F71-35B9-AB7F-002D823BE41D}.MinSizeRel|x64.Build.0 = MinSizeRel|x64
		{CB080BBD-0F71-35B9-AB7F-002D823BE41D}.RelWithDebInfo|x64.ActiveCfg = RelWithDebInfo|x64
		{CB080BBD-0F71-35B9-AB7F-002D823BE41D}.RelWithDebInfo|x64.Build.0 = RelWithDebInfo|x64
		{D8A1EFB6-5C45-31D5-8677-3456E7A822FB}.Debug|x64.ActiveCfg = Debug|x64
		{D8A1EFB6-5C45-31D5-8677-3456E7A822FB}.Debug|x64.Build.0 = Debug|x64
		{D8A1EFB6-5C45-31D5-8677-3456E7A822FB}.Release|x64.ActiveCfg = Release|x64
		{D8A1EFB6-5C45-31D5-8677-3456E7A822FB}.Release|x64.Build.0 = Release|x64
		{D8A1EFB6-5C45-31D5-8677-3456E7A822FB}.MinSizeRel|x64.ActiveCfg = MinSizeRel|x64
		{D8A1EFB6-5C45-31D5-8677-3456E7A822FB}.MinSizeRel|x64.Build.0 = MinSizeRel|x64
		{D8A1EFB6-5C45-31D5-8677-3456E7A822FB}.RelWithDebInfo|x64.ActiveCfg = RelWithDebInfo|x64
		{D8A1EFB6-5C45-31D5-8677-3456E7A822FB}.RelWithDebInfo|x64.Build.0 = RelWithDebInfo|x64
		{D8EAA4EB-42DB-3D02-BFBF-4BB7AD0F6E85}.Debug|x64.ActiveCfg = Debug|x64
		{D8EAA4EB-42DB-3D02-BFBF-4BB7AD0F6E85}.Debug|x64.Build.0 = Debug|x64
		{D8EAA4EB-42DB-3D02-BFBF-4BB7AD0F6E85}.Release|x64.ActiveCfg = Release|x64
		{D8EAA4EB-42DB-3D02-BFBF-4BB7AD0F6E85}.Release|x64.Build.0 = Release|x64
		{D8EAA4EB-42DB-3D02-BFBF-4BB7AD0F6E85}.MinSizeRel|x64.ActiveCfg = MinSizeRel|x64
		{D8EAA4EB-42DB-3D02-BFBF-4BB7AD0F6E85}.MinSizeRel|x64.Build.0 = MinSizeRel|x64
		{D8EAA4EB-42DB-3D02-BFBF-4BB7AD0F6E85}.RelWithDebInfo|x64.ActiveCfg = RelWithDebInfo|x64
		{D8EAA4EB-42DB-3D02-BFBF-4BB7AD0F6E85}.RelWithDebInfo|x64.Build.0 = RelWithDebInfo|x64
		{F4CDE891-78E5-35A2-B2EA-570938709D4D}.Debug|x64.ActiveCfg = Debug|x64
		{F4CDE891-78E5-35A2-B2EA-570938709D4D}.Debug|x64.Build.0 = Debug|x64
		{F4CDE891-78E5-35A2-B2EA-570938709D4D}.Release|x64.ActiveCfg = Release|x64
		{F4CDE891-78E5-35A2-B2EA-570938709D4D}.Release|x64.Build.0 = Release|x64
		{F4CDE891-78E5-35A2-B2EA-570938709D4D}.MinSizeRel|x64.ActiveCfg = MinSizeRel|x64
		{F4CDE891-78E5-35A2-B2EA-570938709D4D}.MinSizeRel|x64.Build.0 = MinSizeRel|x64
		{F4CDE891-78E5-35A2-B2EA-570938709D4D}.RelWithDebInfo|x64.ActiveCfg = RelWithDebInfo|x64
		{F4CDE891-78E5-35A2-B2EA-570938709D4D}.RelWithDebInfo|x64.Build.0 = RelWithDebInfo|x64
		{7CA4AD93-3973-3916-94CC-6DD3FE49C8A0}.Debug|x64.ActiveCfg = Debug|x64
		{7CA4AD93-3973-3916-94CC-6DD3FE49C8A0}.Debug|x64.Build.0 = Debug|x64
		{7CA4AD93-3973-3916-94CC-6DD3FE49C8A0}.Release|x64.ActiveCfg = Release|x64
		{7CA4AD93-3973-3916-94CC-6DD3FE49C8A0}.Release|x64.Build.0 = Release|x64
		{7CA4AD93-3973-3916-94CC-6DD3FE49C8A0}.MinSizeRel|x64.ActiveCfg = MinSizeRel|x64
		{7CA4AD93-3973-3916-94CC-6DD3FE49C8A0}.MinSizeRel|x64.Build.0 = MinSizeRel|x64
		{7CA4AD93-3973-3916-94CC-6DD3FE49C8A0}.RelWithDebInfo|x64.ActiveCfg = RelWithDebInfo|x64
		{7CA4AD93-3973-3916-94CC-6DD3FE49C8A0}.RelWithDebInfo|x64.Build.0 = RelWithDebInfo|x64
		{6B4B8785-3BA7-3752-A375-F4570B2426C2}.Debug|x64.ActiveCfg = Debug|x64
		{6B4B8785-3BA7-3752-A375-F4570B2426C2}.Debug|x64.Build.0 = Debug|x64
		{6B4B8785-3BA7-3752-A375-F4570B2426C2}.Release|x64.ActiveCfg = Release|x64
		{6B4B8785-3BA7-3752-A375-F4570B2426C2}.Release|x64.Build.0 = Release|x64
		{6B4B8785-3BA7-3752-A375-F4570B2426C2}.MinSizeRel|x64.ActiveCfg = MinSizeRel|x64
		{6B4B8785-3BA7-3752-A375-F4570B2426C2}.MinSizeRel|x64.Build.0 = MinSizeRel|x64
		{6B4B8785-3BA7-3752-A375-F4570B2426C2}.RelWithDebInfo|x64.ActiveCfg = RelWithDebInfo|x64
		{6B4B8785-3BA7-3752-A375-F4570B2426C2}.RelWithDebInfo|x64.Build.0 = RelWithDebInfo|x64
	EndGlobalSection
	GlobalSection(ExtensibilityGlobals) = postSolution
		SolutionGuid = {EA63F88D-5D2F-323D-851E-14BB239B0C59}
	EndGlobalSection
	GlobalSection(ExtensibilityAddIns) = postSolution
	EndGlobalSection
EndGlobal
